// !$*UTF8*$!
{
	archiveVersion = 1;
	classes = {
	};
	objectVersion = 52;
	objects = {

/* Begin PBXBuildFile section */
		5FFF0642B2C283935B62D812 /* Pods_nimbleTests.framework in Frameworks */ = {isa = PBXBuildFile; fileRef = CE74690F25B1633DEE2ABB17 /* Pods_nimbleTests.framework */; };
		79E13609E6CD6EA3BF4A8175 /* Pods_nimble.framework in Frameworks */ = {isa = PBXBuildFile; fileRef = FF49E1D7FB8483F7B797A7D2 /* Pods_nimble.framework */; };
		BCB221BE2540155C002D997F /* AppDelegate.swift in Sources */ = {isa = PBXBuildFile; fileRef = BCB221BD2540155C002D997F /* AppDelegate.swift */; };
		BCB221C72540155D002D997F /* Assets.xcassets in Resources */ = {isa = PBXBuildFile; fileRef = BCB221C62540155D002D997F /* Assets.xcassets */; };
		BCB221CA2540155D002D997F /* LaunchScreen.storyboard in Resources */ = {isa = PBXBuildFile; fileRef = BCB221C82540155D002D997F /* LaunchScreen.storyboard */; };
		BCB221D52540155D002D997F /* NimbleSurveySDKTests.swift in Sources */ = {isa = PBXBuildFile; fileRef = BCB221D42540155D002D997F /* NimbleSurveySDKTests.swift */; };
		BCB221E02540155D002D997F /* nimbleUITests.swift in Sources */ = {isa = PBXBuildFile; fileRef = BCB221DF2540155D002D997F /* nimbleUITests.swift */; };
		BCB22216254018E1002D997F /* BaseViewController.swift in Sources */ = {isa = PBXBuildFile; fileRef = BCB22215254018E1002D997F /* BaseViewController.swift */; };
		BCB2221B25401921002D997F /* LoginVC.swift in Sources */ = {isa = PBXBuildFile; fileRef = BCB2221A25401921002D997F /* LoginVC.swift */; };
		BCB2229125402DF6002D997F /* UIView+Extensions.swift in Sources */ = {isa = PBXBuildFile; fileRef = BCB2229025402DF6002D997F /* UIView+Extensions.swift */; };
		BCB222992540374C002D997F /* Numeric+Extensions.swift in Sources */ = {isa = PBXBuildFile; fileRef = BCB222982540374C002D997F /* Numeric+Extensions.swift */; };
		BCB222A1254042C6002D997F /* AuthVC.swift in Sources */ = {isa = PBXBuildFile; fileRef = BCB222A0254042C6002D997F /* AuthVC.swift */; };
		BCB222A62540431C002D997F /* ResetPasswordVC.swift in Sources */ = {isa = PBXBuildFile; fileRef = BCB222A52540431C002D997F /* ResetPasswordVC.swift */; };
		BCEA06DE2543F9DC0006E4C3 /* NSPredicate+Extensions.swift in Sources */ = {isa = PBXBuildFile; fileRef = BCEA06DD2543F9DC0006E4C3 /* NSPredicate+Extensions.swift */; };
		BCEA06EF2543FC020006E4C3 /* BaseButton.swift in Sources */ = {isa = PBXBuildFile; fileRef = BCEA06EE2543FC020006E4C3 /* BaseButton.swift */; };
		BCEA07012543FF5B0006E4C3 /* NimbleSurveySDK.swift in Sources */ = {isa = PBXBuildFile; fileRef = BCEA07002543FF5B0006E4C3 /* NimbleSurveySDK.swift */; };
		BCEA070E2543FFD90006E4C3 /* NimbleSurveySDK.swift in Sources */ = {isa = PBXBuildFile; fileRef = BCEA07002543FF5B0006E4C3 /* NimbleSurveySDK.swift */; };
		BCEA0714254403B70006E4C3 /* Response.swift in Sources */ = {isa = PBXBuildFile; fileRef = BCEA0713254403B70006E4C3 /* Response.swift */; };
		BCEA071C254403C80006E4C3 /* ResponseErrors.swift in Sources */ = {isa = PBXBuildFile; fileRef = BCEA071B254403C80006E4C3 /* ResponseErrors.swift */; };
		BCEA072C254406140006E4C3 /* Response.swift in Sources */ = {isa = PBXBuildFile; fileRef = BCEA0713254403B70006E4C3 /* Response.swift */; };
		BCEA0730254406170006E4C3 /* ResponseErrors.swift in Sources */ = {isa = PBXBuildFile; fileRef = BCEA071B254403C80006E4C3 /* ResponseErrors.swift */; };
		BCEA075E2544151E0006E4C3 /* RxAlamofire in Frameworks */ = {isa = PBXBuildFile; productRef = BCEA075D2544151E0006E4C3 /* RxAlamofire */; };
		BDC89749013F64137D55E3C8 /* Pods_nimble_nimbleUITests.framework in Frameworks */ = {isa = PBXBuildFile; fileRef = A1BE180B3DF3B5EC6E497E8A /* Pods_nimble_nimbleUITests.framework */; };
/* End PBXBuildFile section */

/* Begin PBXContainerItemProxy section */
		BCB221D12540155D002D997F /* PBXContainerItemProxy */ = {
			isa = PBXContainerItemProxy;
			containerPortal = BCB221B22540155C002D997F /* Project object */;
			proxyType = 1;
			remoteGlobalIDString = BCB221B92540155C002D997F;
			remoteInfo = nimble;
		};
		BCB221DC2540155D002D997F /* PBXContainerItemProxy */ = {
			isa = PBXContainerItemProxy;
			containerPortal = BCB221B22540155C002D997F /* Project object */;
			proxyType = 1;
			remoteGlobalIDString = BCB221B92540155C002D997F;
			remoteInfo = nimble;
		};
/* End PBXContainerItemProxy section */

/* Begin PBXFileReference section */
		040AF207111A3639095A1B0F /* Pods-nimbleTests.release.xcconfig */ = {isa = PBXFileReference; includeInIndex = 1; lastKnownFileType = text.xcconfig; name = "Pods-nimbleTests.release.xcconfig"; path = "Target Support Files/Pods-nimbleTests/Pods-nimbleTests.release.xcconfig"; sourceTree = "<group>"; };
		08B71EF773B65E1E0128A6FE /* Pods-nimble-nimbleUITests.release.xcconfig */ = {isa = PBXFileReference; includeInIndex = 1; lastKnownFileType = text.xcconfig; name = "Pods-nimble-nimbleUITests.release.xcconfig"; path = "Target Support Files/Pods-nimble-nimbleUITests/Pods-nimble-nimbleUITests.release.xcconfig"; sourceTree = "<group>"; };
		114FF42A154AC966A8003536 /* Pods-nimble.debug.xcconfig */ = {isa = PBXFileReference; includeInIndex = 1; lastKnownFileType = text.xcconfig; name = "Pods-nimble.debug.xcconfig"; path = "Target Support Files/Pods-nimble/Pods-nimble.debug.xcconfig"; sourceTree = "<group>"; };
		1180DC4DB834DC28ABF3AD05 /* Pods-nimble-nimbleUITests.debug.xcconfig */ = {isa = PBXFileReference; includeInIndex = 1; lastKnownFileType = text.xcconfig; name = "Pods-nimble-nimbleUITests.debug.xcconfig"; path = "Target Support Files/Pods-nimble-nimbleUITests/Pods-nimble-nimbleUITests.debug.xcconfig"; sourceTree = "<group>"; };
		2D6F32919603B21CAAE11FB9 /* Pods-nimbleTests.debug.xcconfig */ = {isa = PBXFileReference; includeInIndex = 1; lastKnownFileType = text.xcconfig; name = "Pods-nimbleTests.debug.xcconfig"; path = "Target Support Files/Pods-nimbleTests/Pods-nimbleTests.debug.xcconfig"; sourceTree = "<group>"; };
		41E322EE56BEB741A2C63D51 /* Pods-nimble.release.xcconfig */ = {isa = PBXFileReference; includeInIndex = 1; lastKnownFileType = text.xcconfig; name = "Pods-nimble.release.xcconfig"; path = "Target Support Files/Pods-nimble/Pods-nimble.release.xcconfig"; sourceTree = "<group>"; };
		A1BE180B3DF3B5EC6E497E8A /* Pods_nimble_nimbleUITests.framework */ = {isa = PBXFileReference; explicitFileType = wrapper.framework; includeInIndex = 0; path = Pods_nimble_nimbleUITests.framework; sourceTree = BUILT_PRODUCTS_DIR; };
		BCB221BA2540155C002D997F /* nimble.app */ = {isa = PBXFileReference; explicitFileType = wrapper.application; includeInIndex = 0; path = nimble.app; sourceTree = BUILT_PRODUCTS_DIR; };
		BCB221BD2540155C002D997F /* AppDelegate.swift */ = {isa = PBXFileReference; lastKnownFileType = sourcecode.swift; path = AppDelegate.swift; sourceTree = "<group>"; };
		BCB221C62540155D002D997F /* Assets.xcassets */ = {isa = PBXFileReference; lastKnownFileType = folder.assetcatalog; path = Assets.xcassets; sourceTree = "<group>"; };
		BCB221C92540155D002D997F /* Base */ = {isa = PBXFileReference; lastKnownFileType = file.storyboard; name = Base; path = Base.lproj/LaunchScreen.storyboard; sourceTree = "<group>"; };
		BCB221CB2540155D002D997F /* Info.plist */ = {isa = PBXFileReference; lastKnownFileType = text.plist.xml; path = Info.plist; sourceTree = "<group>"; };
		BCB221D02540155D002D997F /* nimbleTests.xctest */ = {isa = PBXFileReference; explicitFileType = wrapper.cfbundle; includeInIndex = 0; path = nimbleTests.xctest; sourceTree = BUILT_PRODUCTS_DIR; };
		BCB221D42540155D002D997F /* NimbleSurveySDKTests.swift */ = {isa = PBXFileReference; lastKnownFileType = sourcecode.swift; path = NimbleSurveySDKTests.swift; sourceTree = "<group>"; };
		BCB221D62540155D002D997F /* Info.plist */ = {isa = PBXFileReference; lastKnownFileType = text.plist.xml; path = Info.plist; sourceTree = "<group>"; };
		BCB221DB2540155D002D997F /* nimbleUITests.xctest */ = {isa = PBXFileReference; explicitFileType = wrapper.cfbundle; includeInIndex = 0; path = nimbleUITests.xctest; sourceTree = BUILT_PRODUCTS_DIR; };
		BCB221DF2540155D002D997F /* nimbleUITests.swift */ = {isa = PBXFileReference; lastKnownFileType = sourcecode.swift; path = nimbleUITests.swift; sourceTree = "<group>"; };
		BCB221E12540155D002D997F /* Info.plist */ = {isa = PBXFileReference; lastKnownFileType = text.plist.xml; path = Info.plist; sourceTree = "<group>"; };
		BCB22215254018E1002D997F /* BaseViewController.swift */ = {isa = PBXFileReference; lastKnownFileType = sourcecode.swift; path = BaseViewController.swift; sourceTree = "<group>"; };
		BCB2221A25401921002D997F /* LoginVC.swift */ = {isa = PBXFileReference; lastKnownFileType = sourcecode.swift; path = LoginVC.swift; sourceTree = "<group>"; };
		BCB2229025402DF6002D997F /* UIView+Extensions.swift */ = {isa = PBXFileReference; lastKnownFileType = sourcecode.swift; path = "UIView+Extensions.swift"; sourceTree = "<group>"; };
		BCB222982540374C002D997F /* Numeric+Extensions.swift */ = {isa = PBXFileReference; lastKnownFileType = sourcecode.swift; path = "Numeric+Extensions.swift"; sourceTree = "<group>"; };
		BCB222A0254042C6002D997F /* AuthVC.swift */ = {isa = PBXFileReference; lastKnownFileType = sourcecode.swift; path = AuthVC.swift; sourceTree = "<group>"; };
		BCB222A52540431C002D997F /* ResetPasswordVC.swift */ = {isa = PBXFileReference; lastKnownFileType = sourcecode.swift; path = ResetPasswordVC.swift; sourceTree = "<group>"; };
		BCEA06DD2543F9DC0006E4C3 /* NSPredicate+Extensions.swift */ = {isa = PBXFileReference; lastKnownFileType = sourcecode.swift; path = "NSPredicate+Extensions.swift"; sourceTree = "<group>"; };
		BCEA06EE2543FC020006E4C3 /* BaseButton.swift */ = {isa = PBXFileReference; lastKnownFileType = sourcecode.swift; path = BaseButton.swift; sourceTree = "<group>"; };
		BCEA07002543FF5B0006E4C3 /* NimbleSurveySDK.swift */ = {isa = PBXFileReference; lastKnownFileType = sourcecode.swift; path = NimbleSurveySDK.swift; sourceTree = "<group>"; };
		BCEA0713254403B70006E4C3 /* Response.swift */ = {isa = PBXFileReference; lastKnownFileType = sourcecode.swift; path = Response.swift; sourceTree = "<group>"; };
		BCEA071B254403C80006E4C3 /* ResponseErrors.swift */ = {isa = PBXFileReference; lastKnownFileType = sourcecode.swift; path = ResponseErrors.swift; sourceTree = "<group>"; };
		CE74690F25B1633DEE2ABB17 /* Pods_nimbleTests.framework */ = {isa = PBXFileReference; explicitFileType = wrapper.framework; includeInIndex = 0; path = Pods_nimbleTests.framework; sourceTree = BUILT_PRODUCTS_DIR; };
		FF49E1D7FB8483F7B797A7D2 /* Pods_nimble.framework */ = {isa = PBXFileReference; explicitFileType = wrapper.framework; includeInIndex = 0; path = Pods_nimble.framework; sourceTree = BUILT_PRODUCTS_DIR; };
/* End PBXFileReference section */

/* Begin PBXFrameworksBuildPhase section */
		BCB221B72540155C002D997F /* Frameworks */ = {
			isa = PBXFrameworksBuildPhase;
			buildActionMask = 2147483647;
			files = (
				79E13609E6CD6EA3BF4A8175 /* Pods_nimble.framework in Frameworks */,
				BCEA075E2544151E0006E4C3 /* RxAlamofire in Frameworks */,
			);
			runOnlyForDeploymentPostprocessing = 0;
		};
		BCB221CD2540155D002D997F /* Frameworks */ = {
			isa = PBXFrameworksBuildPhase;
			buildActionMask = 2147483647;
			files = (
				5FFF0642B2C283935B62D812 /* Pods_nimbleTests.framework in Frameworks */,
			);
			runOnlyForDeploymentPostprocessing = 0;
		};
		BCB221D82540155D002D997F /* Frameworks */ = {
			isa = PBXFrameworksBuildPhase;
			buildActionMask = 2147483647;
			files = (
				BDC89749013F64137D55E3C8 /* Pods_nimble_nimbleUITests.framework in Frameworks */,
			);
			runOnlyForDeploymentPostprocessing = 0;
		};
/* End PBXFrameworksBuildPhase section */

/* Begin PBXGroup section */
		3CFE861C9FF748148E30CEB6 /* Frameworks */ = {
			isa = PBXGroup;
			children = (
				FF49E1D7FB8483F7B797A7D2 /* Pods_nimble.framework */,
				A1BE180B3DF3B5EC6E497E8A /* Pods_nimble_nimbleUITests.framework */,
				CE74690F25B1633DEE2ABB17 /* Pods_nimbleTests.framework */,
			);
			name = Frameworks;
			sourceTree = "<group>";
		};
		59099E5E8852626EC0CF561D /* Pods */ = {
			isa = PBXGroup;
			children = (
				114FF42A154AC966A8003536 /* Pods-nimble.debug.xcconfig */,
				41E322EE56BEB741A2C63D51 /* Pods-nimble.release.xcconfig */,
				1180DC4DB834DC28ABF3AD05 /* Pods-nimble-nimbleUITests.debug.xcconfig */,
				08B71EF773B65E1E0128A6FE /* Pods-nimble-nimbleUITests.release.xcconfig */,
				2D6F32919603B21CAAE11FB9 /* Pods-nimbleTests.debug.xcconfig */,
				040AF207111A3639095A1B0F /* Pods-nimbleTests.release.xcconfig */,
			);
			path = Pods;
			sourceTree = "<group>";
		};
		BCB221B12540155C002D997F = {
			isa = PBXGroup;
			children = (
				BCB221BC2540155C002D997F /* nimble */,
				BCB221D32540155D002D997F /* nimbleTests */,
				BCB221DE2540155D002D997F /* nimbleUITests */,
				BCB221BB2540155C002D997F /* Products */,
				59099E5E8852626EC0CF561D /* Pods */,
				3CFE861C9FF748148E30CEB6 /* Frameworks */,
			);
			sourceTree = "<group>";
		};
		BCB221BB2540155C002D997F /* Products */ = {
			isa = PBXGroup;
			children = (
				BCB221BA2540155C002D997F /* nimble.app */,
				BCB221D02540155D002D997F /* nimbleTests.xctest */,
				BCB221DB2540155D002D997F /* nimbleUITests.xctest */,
			);
			name = Products;
			sourceTree = "<group>";
		};
		BCB221BC2540155C002D997F /* nimble */ = {
			isa = PBXGroup;
			children = (
				BCEA06FF2543FF480006E4C3 /* Services */,
				BCB22211254018C0002D997F /* Vendor */,
				BCB2228F25402DE4002D997F /* Extensions */,
				BCB222AA25404323002D997F /* AuthScenes */,
				BCB221BD2540155C002D997F /* AppDelegate.swift */,
				BCB221C62540155D002D997F /* Assets.xcassets */,
				BCB221C82540155D002D997F /* LaunchScreen.storyboard */,
				BCB221CB2540155D002D997F /* Info.plist */,
			);
			path = nimble;
			sourceTree = "<group>";
		};
		BCB221D32540155D002D997F /* nimbleTests */ = {
			isa = PBXGroup;
			children = (
				BCB221D42540155D002D997F /* NimbleSurveySDKTests.swift */,
				BCB221D62540155D002D997F /* Info.plist */,
			);
			path = nimbleTests;
			sourceTree = "<group>";
		};
		BCB221DE2540155D002D997F /* nimbleUITests */ = {
			isa = PBXGroup;
			children = (
				BCB221DF2540155D002D997F /* nimbleUITests.swift */,
				BCB221E12540155D002D997F /* Info.plist */,
			);
			path = nimbleUITests;
			sourceTree = "<group>";
		};
		BCB22211254018C0002D997F /* Vendor */ = {
			isa = PBXGroup;
			children = (
				BCB22215254018E1002D997F /* BaseViewController.swift */,
				BCEA06EE2543FC020006E4C3 /* BaseButton.swift */,
			);
			path = Vendor;
			sourceTree = "<group>";
		};
		BCB2228F25402DE4002D997F /* Extensions */ = {
			isa = PBXGroup;
			children = (
				BCB2229025402DF6002D997F /* UIView+Extensions.swift */,
				BCB222982540374C002D997F /* Numeric+Extensions.swift */,
				BCEA06DD2543F9DC0006E4C3 /* NSPredicate+Extensions.swift */,
			);
			path = Extensions;
			sourceTree = "<group>";
		};
		BCB222AA25404323002D997F /* AuthScenes */ = {
			isa = PBXGroup;
			children = (
				BCB222A0254042C6002D997F /* AuthVC.swift */,
				BCB2221A25401921002D997F /* LoginVC.swift */,
				BCB222A52540431C002D997F /* ResetPasswordVC.swift */,
			);
			path = AuthScenes;
			sourceTree = "<group>";
		};
		BCEA06FF2543FF480006E4C3 /* Services */ = {
			isa = PBXGroup;
			children = (
				BCEA07002543FF5B0006E4C3 /* NimbleSurveySDK.swift */,
				BCEA0712254401CA0006E4C3 /* Models */,
			);
			path = Services;
			sourceTree = "<group>";
		};
		BCEA0712254401CA0006E4C3 /* Models */ = {
			isa = PBXGroup;
			children = (
				BCEA0713254403B70006E4C3 /* Response.swift */,
				BCEA071B254403C80006E4C3 /* ResponseErrors.swift */,
			);
			path = Models;
			sourceTree = "<group>";
		};
/* End PBXGroup section */

/* Begin PBXNativeTarget section */
		BCB221B92540155C002D997F /* nimble */ = {
			isa = PBXNativeTarget;
			buildConfigurationList = BCB221E42540155D002D997F /* Build configuration list for PBXNativeTarget "nimble" */;
			buildPhases = (
				9877B2ED5C77C44B3769D4A9 /* [CP] Check Pods Manifest.lock */,
				BCB221B62540155C002D997F /* Sources */,
				BCB221B72540155C002D997F /* Frameworks */,
				BCB221B82540155C002D997F /* Resources */,
				2E5DC0D2FD5A75964010CD5C /* [CP] Embed Pods Frameworks */,
			);
			buildRules = (
			);
			dependencies = (
			);
			name = nimble;
			packageProductDependencies = (
				BCEA075D2544151E0006E4C3 /* RxAlamofire */,
			);
			productName = nimble;
			productReference = BCB221BA2540155C002D997F /* nimble.app */;
			productType = "com.apple.product-type.application";
		};
		BCB221CF2540155D002D997F /* nimbleTests */ = {
			isa = PBXNativeTarget;
			buildConfigurationList = BCB221E72540155D002D997F /* Build configuration list for PBXNativeTarget "nimbleTests" */;
			buildPhases = (
				C89D997D09846F89542664A2 /* [CP] Check Pods Manifest.lock */,
				BCB221CC2540155D002D997F /* Sources */,
				BCB221CD2540155D002D997F /* Frameworks */,
				BCB221CE2540155D002D997F /* Resources */,
				8230848252413E70085FA912 /* [CP] Embed Pods Frameworks */,
			);
			buildRules = (
			);
			dependencies = (
				BCB221D22540155D002D997F /* PBXTargetDependency */,
			);
			name = nimbleTests;
			productName = nimbleTests;
			productReference = BCB221D02540155D002D997F /* nimbleTests.xctest */;
			productType = "com.apple.product-type.bundle.unit-test";
		};
		BCB221DA2540155D002D997F /* nimbleUITests */ = {
			isa = PBXNativeTarget;
			buildConfigurationList = BCB221EA2540155D002D997F /* Build configuration list for PBXNativeTarget "nimbleUITests" */;
			buildPhases = (
				1D5703B0CC2E29F0188EFF60 /* [CP] Check Pods Manifest.lock */,
				BCB221D72540155D002D997F /* Sources */,
				BCB221D82540155D002D997F /* Frameworks */,
				BCB221D92540155D002D997F /* Resources */,
				08853549CD3AF6BAEECF44DD /* [CP] Embed Pods Frameworks */,
			);
			buildRules = (
			);
			dependencies = (
				BCB221DD2540155D002D997F /* PBXTargetDependency */,
			);
			name = nimbleUITests;
			productName = nimbleUITests;
			productReference = BCB221DB2540155D002D997F /* nimbleUITests.xctest */;
			productType = "com.apple.product-type.bundle.ui-testing";
		};
/* End PBXNativeTarget section */

/* Begin PBXProject section */
		BCB221B22540155C002D997F /* Project object */ = {
			isa = PBXProject;
			attributes = {
				LastSwiftUpdateCheck = 1200;
				LastUpgradeCheck = 1200;
				TargetAttributes = {
					BCB221B92540155C002D997F = {
						CreatedOnToolsVersion = 12.0.1;
					};
					BCB221CF2540155D002D997F = {
						CreatedOnToolsVersion = 12.0.1;
						TestTargetID = BCB221B92540155C002D997F;
					};
					BCB221DA2540155D002D997F = {
						CreatedOnToolsVersion = 12.0.1;
						TestTargetID = BCB221B92540155C002D997F;
					};
				};
			};
			buildConfigurationList = BCB221B52540155C002D997F /* Build configuration list for PBXProject "nimble" */;
			compatibilityVersion = "Xcode 9.3";
			developmentRegion = en;
			hasScannedForEncodings = 0;
			knownRegions = (
				en,
				Base,
			);
			mainGroup = BCB221B12540155C002D997F;
			packageReferences = (
				BCEA075C2544151E0006E4C3 /* XCRemoteSwiftPackageReference "RxAlamofire" */,
			);
			productRefGroup = BCB221BB2540155C002D997F /* Products */;
			projectDirPath = "";
			projectRoot = "";
			targets = (
				BCB221B92540155C002D997F /* nimble */,
				BCB221CF2540155D002D997F /* nimbleTests */,
				BCB221DA2540155D002D997F /* nimbleUITests */,
			);
		};
/* End PBXProject section */

/* Begin PBXResourcesBuildPhase section */
		BCB221B82540155C002D997F /* Resources */ = {
			isa = PBXResourcesBuildPhase;
			buildActionMask = 2147483647;
			files = (
				BCB221CA2540155D002D997F /* LaunchScreen.storyboard in Resources */,
				BCB221C72540155D002D997F /* Assets.xcassets in Resources */,
			);
			runOnlyForDeploymentPostprocessing = 0;
		};
		BCB221CE2540155D002D997F /* Resources */ = {
			isa = PBXResourcesBuildPhase;
			buildActionMask = 2147483647;
			files = (
			);
			runOnlyForDeploymentPostprocessing = 0;
		};
		BCB221D92540155D002D997F /* Resources */ = {
			isa = PBXResourcesBuildPhase;
			buildActionMask = 2147483647;
			files = (
			);
			runOnlyForDeploymentPostprocessing = 0;
		};
/* End PBXResourcesBuildPhase section */

/* Begin PBXShellScriptBuildPhase section */
		08853549CD3AF6BAEECF44DD /* [CP] Embed Pods Frameworks */ = {
			isa = PBXShellScriptBuildPhase;
			buildActionMask = 2147483647;
			files = (
			);
			inputFileListPaths = (
				"${PODS_ROOT}/Target Support Files/Pods-nimble-nimbleUITests/Pods-nimble-nimbleUITests-frameworks-${CONFIGURATION}-input-files.xcfilelist",
			);
			name = "[CP] Embed Pods Frameworks";
			outputFileListPaths = (
				"${PODS_ROOT}/Target Support Files/Pods-nimble-nimbleUITests/Pods-nimble-nimbleUITests-frameworks-${CONFIGURATION}-output-files.xcfilelist",
			);
			runOnlyForDeploymentPostprocessing = 0;
			shellPath = /bin/sh;
			shellScript = "\"${PODS_ROOT}/Target Support Files/Pods-nimble-nimbleUITests/Pods-nimble-nimbleUITests-frameworks.sh\"\n";
			showEnvVarsInLog = 0;
		};
		1D5703B0CC2E29F0188EFF60 /* [CP] Check Pods Manifest.lock */ = {
			isa = PBXShellScriptBuildPhase;
			buildActionMask = 2147483647;
			files = (
			);
			inputFileListPaths = (
			);
			inputPaths = (
				"${PODS_PODFILE_DIR_PATH}/Podfile.lock",
				"${PODS_ROOT}/Manifest.lock",
			);
			name = "[CP] Check Pods Manifest.lock";
			outputFileListPaths = (
			);
			outputPaths = (
				"$(DERIVED_FILE_DIR)/Pods-nimble-nimbleUITests-checkManifestLockResult.txt",
			);
			runOnlyForDeploymentPostprocessing = 0;
			shellPath = /bin/sh;
			shellScript = "diff \"${PODS_PODFILE_DIR_PATH}/Podfile.lock\" \"${PODS_ROOT}/Manifest.lock\" > /dev/null\nif [ $? != 0 ] ; then\n    # print error to STDERR\n    echo \"error: The sandbox is not in sync with the Podfile.lock. Run 'pod install' or update your CocoaPods installation.\" >&2\n    exit 1\nfi\n# This output is used by Xcode 'outputs' to avoid re-running this script phase.\necho \"SUCCESS\" > \"${SCRIPT_OUTPUT_FILE_0}\"\n";
			showEnvVarsInLog = 0;
		};
		2E5DC0D2FD5A75964010CD5C /* [CP] Embed Pods Frameworks */ = {
			isa = PBXShellScriptBuildPhase;
			buildActionMask = 2147483647;
			files = (
			);
			inputFileListPaths = (
				"${PODS_ROOT}/Target Support Files/Pods-nimble/Pods-nimble-frameworks-${CONFIGURATION}-input-files.xcfilelist",
			);
			name = "[CP] Embed Pods Frameworks";
			outputFileListPaths = (
				"${PODS_ROOT}/Target Support Files/Pods-nimble/Pods-nimble-frameworks-${CONFIGURATION}-output-files.xcfilelist",
			);
			runOnlyForDeploymentPostprocessing = 0;
			shellPath = /bin/sh;
			shellScript = "\"${PODS_ROOT}/Target Support Files/Pods-nimble/Pods-nimble-frameworks.sh\"\n";
			showEnvVarsInLog = 0;
		};
		8230848252413E70085FA912 /* [CP] Embed Pods Frameworks */ = {
			isa = PBXShellScriptBuildPhase;
			buildActionMask = 2147483647;
			files = (
			);
			inputFileListPaths = (
				"${PODS_ROOT}/Target Support Files/Pods-nimbleTests/Pods-nimbleTests-frameworks-${CONFIGURATION}-input-files.xcfilelist",
			);
			name = "[CP] Embed Pods Frameworks";
			outputFileListPaths = (
				"${PODS_ROOT}/Target Support Files/Pods-nimbleTests/Pods-nimbleTests-frameworks-${CONFIGURATION}-output-files.xcfilelist",
			);
			runOnlyForDeploymentPostprocessing = 0;
			shellPath = /bin/sh;
			shellScript = "\"${PODS_ROOT}/Target Support Files/Pods-nimbleTests/Pods-nimbleTests-frameworks.sh\"\n";
			showEnvVarsInLog = 0;
		};
		9877B2ED5C77C44B3769D4A9 /* [CP] Check Pods Manifest.lock */ = {
			isa = PBXShellScriptBuildPhase;
			buildActionMask = 2147483647;
			files = (
			);
			inputFileListPaths = (
			);
			inputPaths = (
				"${PODS_PODFILE_DIR_PATH}/Podfile.lock",
				"${PODS_ROOT}/Manifest.lock",
			);
			name = "[CP] Check Pods Manifest.lock";
			outputFileListPaths = (
			);
			outputPaths = (
				"$(DERIVED_FILE_DIR)/Pods-nimble-checkManifestLockResult.txt",
			);
			runOnlyForDeploymentPostprocessing = 0;
			shellPath = /bin/sh;
			shellScript = "diff \"${PODS_PODFILE_DIR_PATH}/Podfile.lock\" \"${PODS_ROOT}/Manifest.lock\" > /dev/null\nif [ $? != 0 ] ; then\n    # print error to STDERR\n    echo \"error: The sandbox is not in sync with the Podfile.lock. Run 'pod install' or update your CocoaPods installation.\" >&2\n    exit 1\nfi\n# This output is used by Xcode 'outputs' to avoid re-running this script phase.\necho \"SUCCESS\" > \"${SCRIPT_OUTPUT_FILE_0}\"\n";
			showEnvVarsInLog = 0;
		};
		C89D997D09846F89542664A2 /* [CP] Check Pods Manifest.lock */ = {
			isa = PBXShellScriptBuildPhase;
			buildActionMask = 2147483647;
			files = (
			);
			inputFileListPaths = (
			);
			inputPaths = (
				"${PODS_PODFILE_DIR_PATH}/Podfile.lock",
				"${PODS_ROOT}/Manifest.lock",
			);
			name = "[CP] Check Pods Manifest.lock";
			outputFileListPaths = (
			);
			outputPaths = (
				"$(DERIVED_FILE_DIR)/Pods-nimbleTests-checkManifestLockResult.txt",
			);
			runOnlyForDeploymentPostprocessing = 0;
			shellPath = /bin/sh;
			shellScript = "diff \"${PODS_PODFILE_DIR_PATH}/Podfile.lock\" \"${PODS_ROOT}/Manifest.lock\" > /dev/null\nif [ $? != 0 ] ; then\n    # print error to STDERR\n    echo \"error: The sandbox is not in sync with the Podfile.lock. Run 'pod install' or update your CocoaPods installation.\" >&2\n    exit 1\nfi\n# This output is used by Xcode 'outputs' to avoid re-running this script phase.\necho \"SUCCESS\" > \"${SCRIPT_OUTPUT_FILE_0}\"\n";
			showEnvVarsInLog = 0;
		};
/* End PBXShellScriptBuildPhase section */

/* Begin PBXSourcesBuildPhase section */
		BCB221B62540155C002D997F /* Sources */ = {
			isa = PBXSourcesBuildPhase;
			buildActionMask = 2147483647;
			files = (
				BCEA06EF2543FC020006E4C3 /* BaseButton.swift in Sources */,
				BCEA071C254403C80006E4C3 /* ResponseErrors.swift in Sources */,
				BCEA07012543FF5B0006E4C3 /* NimbleSurveySDK.swift in Sources */,
				BCB222A1254042C6002D997F /* AuthVC.swift in Sources */,
				BCB2221B25401921002D997F /* LoginVC.swift in Sources */,
				BCB222992540374C002D997F /* Numeric+Extensions.swift in Sources */,
				BCB221BE2540155C002D997F /* AppDelegate.swift in Sources */,
				BCEA06DE2543F9DC0006E4C3 /* NSPredicate+Extensions.swift in Sources */,
				BCEA0714254403B70006E4C3 /* Response.swift in Sources */,
				BCB222A62540431C002D997F /* ResetPasswordVC.swift in Sources */,
				BCB2229125402DF6002D997F /* UIView+Extensions.swift in Sources */,
				BCB22216254018E1002D997F /* BaseViewController.swift in Sources */,
			);
			runOnlyForDeploymentPostprocessing = 0;
		};
		BCB221CC2540155D002D997F /* Sources */ = {
			isa = PBXSourcesBuildPhase;
			buildActionMask = 2147483647;
			files = (
				BCB221D52540155D002D997F /* NimbleSurveySDKTests.swift in Sources */,
				BCEA072C254406140006E4C3 /* Response.swift in Sources */,
				BCEA070E2543FFD90006E4C3 /* NimbleSurveySDK.swift in Sources */,
				BCEA0730254406170006E4C3 /* ResponseErrors.swift in Sources */,
			);
			runOnlyForDeploymentPostprocessing = 0;
		};
		BCB221D72540155D002D997F /* Sources */ = {
			isa = PBXSourcesBuildPhase;
			buildActionMask = 2147483647;
			files = (
				BCB221E02540155D002D997F /* nimbleUITests.swift in Sources */,
			);
			runOnlyForDeploymentPostprocessing = 0;
		};
/* End PBXSourcesBuildPhase section */

/* Begin PBXTargetDependency section */
		BCB221D22540155D002D997F /* PBXTargetDependency */ = {
			isa = PBXTargetDependency;
			target = BCB221B92540155C002D997F /* nimble */;
			targetProxy = BCB221D12540155D002D997F /* PBXContainerItemProxy */;
		};
		BCB221DD2540155D002D997F /* PBXTargetDependency */ = {
			isa = PBXTargetDependency;
			target = BCB221B92540155C002D997F /* nimble */;
			targetProxy = BCB221DC2540155D002D997F /* PBXContainerItemProxy */;
		};
/* End PBXTargetDependency section */

/* Begin PBXVariantGroup section */
		BCB221C82540155D002D997F /* LaunchScreen.storyboard */ = {
			isa = PBXVariantGroup;
			children = (
				BCB221C92540155D002D997F /* Base */,
			);
			name = LaunchScreen.storyboard;
			sourceTree = "<group>";
		};
/* End PBXVariantGroup section */

/* Begin XCBuildConfiguration section */
		BCB221E22540155D002D997F /* Debug */ = {
			isa = XCBuildConfiguration;
			buildSettings = {
				ALWAYS_SEARCH_USER_PATHS = NO;
				CLANG_ANALYZER_NONNULL = YES;
				CLANG_ANALYZER_NUMBER_OBJECT_CONVERSION = YES_AGGRESSIVE;
				CLANG_CXX_LANGUAGE_STANDARD = "gnu++14";
				CLANG_CXX_LIBRARY = "libc++";
				CLANG_ENABLE_MODULES = YES;
				CLANG_ENABLE_OBJC_ARC = YES;
				CLANG_ENABLE_OBJC_WEAK = YES;
				CLANG_WARN_BLOCK_CAPTURE_AUTORELEASING = YES;
				CLANG_WARN_BOOL_CONVERSION = YES;
				CLANG_WARN_COMMA = YES;
				CLANG_WARN_CONSTANT_CONVERSION = YES;
				CLANG_WARN_DEPRECATED_OBJC_IMPLEMENTATIONS = YES;
				CLANG_WARN_DIRECT_OBJC_ISA_USAGE = YES_ERROR;
				CLANG_WARN_DOCUMENTATION_COMMENTS = YES;
				CLANG_WARN_EMPTY_BODY = YES;
				CLANG_WARN_ENUM_CONVERSION = YES;
				CLANG_WARN_INFINITE_RECURSION = YES;
				CLANG_WARN_INT_CONVERSION = YES;
				CLANG_WARN_NON_LITERAL_NULL_CONVERSION = YES;
				CLANG_WARN_OBJC_IMPLICIT_RETAIN_SELF = YES;
				CLANG_WARN_OBJC_LITERAL_CONVERSION = YES;
				CLANG_WARN_OBJC_ROOT_CLASS = YES_ERROR;
				CLANG_WARN_QUOTED_INCLUDE_IN_FRAMEWORK_HEADER = YES;
				CLANG_WARN_RANGE_LOOP_ANALYSIS = YES;
				CLANG_WARN_STRICT_PROTOTYPES = YES;
				CLANG_WARN_SUSPICIOUS_MOVE = YES;
				CLANG_WARN_UNGUARDED_AVAILABILITY = YES_AGGRESSIVE;
				CLANG_WARN_UNREACHABLE_CODE = YES;
				CLANG_WARN__DUPLICATE_METHOD_MATCH = YES;
				COPY_PHASE_STRIP = NO;
				DEBUG_INFORMATION_FORMAT = dwarf;
				ENABLE_STRICT_OBJC_MSGSEND = YES;
				ENABLE_TESTABILITY = YES;
				GCC_C_LANGUAGE_STANDARD = gnu11;
				GCC_DYNAMIC_NO_PIC = NO;
				GCC_NO_COMMON_BLOCKS = YES;
				GCC_OPTIMIZATION_LEVEL = 0;
				GCC_PREPROCESSOR_DEFINITIONS = (
					"DEBUG=1",
					"$(inherited)",
				);
				GCC_WARN_64_TO_32_BIT_CONVERSION = YES;
				GCC_WARN_ABOUT_RETURN_TYPE = YES_ERROR;
				GCC_WARN_UNDECLARED_SELECTOR = YES;
				GCC_WARN_UNINITIALIZED_AUTOS = YES_AGGRESSIVE;
				GCC_WARN_UNUSED_FUNCTION = YES;
				GCC_WARN_UNUSED_VARIABLE = YES;
				IPHONEOS_DEPLOYMENT_TARGET = 14.0;
				MTL_ENABLE_DEBUG_INFO = INCLUDE_SOURCE;
				MTL_FAST_MATH = YES;
				ONLY_ACTIVE_ARCH = YES;
				SDKROOT = iphoneos;
				SWIFT_ACTIVE_COMPILATION_CONDITIONS = DEBUG;
				SWIFT_OPTIMIZATION_LEVEL = "-Onone";
			};
			name = Debug;
		};
		BCB221E32540155D002D997F /* Release */ = {
			isa = XCBuildConfiguration;
			buildSettings = {
				ALWAYS_SEARCH_USER_PATHS = NO;
				CLANG_ANALYZER_NONNULL = YES;
				CLANG_ANALYZER_NUMBER_OBJECT_CONVERSION = YES_AGGRESSIVE;
				CLANG_CXX_LANGUAGE_STANDARD = "gnu++14";
				CLANG_CXX_LIBRARY = "libc++";
				CLANG_ENABLE_MODULES = YES;
				CLANG_ENABLE_OBJC_ARC = YES;
				CLANG_ENABLE_OBJC_WEAK = YES;
				CLANG_WARN_BLOCK_CAPTURE_AUTORELEASING = YES;
				CLANG_WARN_BOOL_CONVERSION = YES;
				CLANG_WARN_COMMA = YES;
				CLANG_WARN_CONSTANT_CONVERSION = YES;
				CLANG_WARN_DEPRECATED_OBJC_IMPLEMENTATIONS = YES;
				CLANG_WARN_DIRECT_OBJC_ISA_USAGE = YES_ERROR;
				CLANG_WARN_DOCUMENTATION_COMMENTS = YES;
				CLANG_WARN_EMPTY_BODY = YES;
				CLANG_WARN_ENUM_CONVERSION = YES;
				CLANG_WARN_INFINITE_RECURSION = YES;
				CLANG_WARN_INT_CONVERSION = YES;
				CLANG_WARN_NON_LITERAL_NULL_CONVERSION = YES;
				CLANG_WARN_OBJC_IMPLICIT_RETAIN_SELF = YES;
				CLANG_WARN_OBJC_LITERAL_CONVERSION = YES;
				CLANG_WARN_OBJC_ROOT_CLASS = YES_ERROR;
				CLANG_WARN_QUOTED_INCLUDE_IN_FRAMEWORK_HEADER = YES;
				CLANG_WARN_RANGE_LOOP_ANALYSIS = YES;
				CLANG_WARN_STRICT_PROTOTYPES = YES;
				CLANG_WARN_SUSPICIOUS_MOVE = YES;
				CLANG_WARN_UNGUARDED_AVAILABILITY = YES_AGGRESSIVE;
				CLANG_WARN_UNREACHABLE_CODE = YES;
				CLANG_WARN__DUPLICATE_METHOD_MATCH = YES;
				COPY_PHASE_STRIP = NO;
				DEBUG_INFORMATION_FORMAT = "dwarf-with-dsym";
				ENABLE_NS_ASSERTIONS = NO;
				ENABLE_STRICT_OBJC_MSGSEND = YES;
				GCC_C_LANGUAGE_STANDARD = gnu11;
				GCC_NO_COMMON_BLOCKS = YES;
				GCC_WARN_64_TO_32_BIT_CONVERSION = YES;
				GCC_WARN_ABOUT_RETURN_TYPE = YES_ERROR;
				GCC_WARN_UNDECLARED_SELECTOR = YES;
				GCC_WARN_UNINITIALIZED_AUTOS = YES_AGGRESSIVE;
				GCC_WARN_UNUSED_FUNCTION = YES;
				GCC_WARN_UNUSED_VARIABLE = YES;
				IPHONEOS_DEPLOYMENT_TARGET = 14.0;
				MTL_ENABLE_DEBUG_INFO = NO;
				MTL_FAST_MATH = YES;
				SDKROOT = iphoneos;
				SWIFT_COMPILATION_MODE = wholemodule;
				SWIFT_OPTIMIZATION_LEVEL = "-O";
				VALIDATE_PRODUCT = YES;
			};
			name = Release;
		};
		BCB221E52540155D002D997F /* Debug */ = {
			isa = XCBuildConfiguration;
			baseConfigurationReference = 114FF42A154AC966A8003536 /* Pods-nimble.debug.xcconfig */;
			buildSettings = {
				ASSETCATALOG_COMPILER_APPICON_NAME = AppIcon;
				ASSETCATALOG_COMPILER_GLOBAL_ACCENT_COLOR_NAME = AccentColor;
				CODE_SIGN_STYLE = Automatic;
				DEVELOPMENT_TEAM = QPW4XRTF2N;
				INFOPLIST_FILE = nimble/Info.plist;
				IPHONEOS_DEPLOYMENT_TARGET = 10.0;
				LD_RUNPATH_SEARCH_PATHS = (
					"$(inherited)",
					"@executable_path/Frameworks",
				);
				PRODUCT_BUNDLE_IDENTIFIER = info.bigears.nimble;
				PRODUCT_NAME = "$(TARGET_NAME)";
				SWIFT_VERSION = 5.0;
				TARGETED_DEVICE_FAMILY = "1,2";
			};
			name = Debug;
		};
		BCB221E62540155D002D997F /* Release */ = {
			isa = XCBuildConfiguration;
			baseConfigurationReference = 41E322EE56BEB741A2C63D51 /* Pods-nimble.release.xcconfig */;
			buildSettings = {
				ASSETCATALOG_COMPILER_APPICON_NAME = AppIcon;
				ASSETCATALOG_COMPILER_GLOBAL_ACCENT_COLOR_NAME = AccentColor;
				CODE_SIGN_STYLE = Automatic;
				DEVELOPMENT_TEAM = QPW4XRTF2N;
				INFOPLIST_FILE = nimble/Info.plist;
				IPHONEOS_DEPLOYMENT_TARGET = 10.0;
				LD_RUNPATH_SEARCH_PATHS = (
					"$(inherited)",
					"@executable_path/Frameworks",
				);
				PRODUCT_BUNDLE_IDENTIFIER = info.bigears.nimble;
				PRODUCT_NAME = "$(TARGET_NAME)";
				SWIFT_VERSION = 5.0;
				TARGETED_DEVICE_FAMILY = "1,2";
			};
			name = Release;
		};
		BCB221E82540155D002D997F /* Debug */ = {
			isa = XCBuildConfiguration;
			baseConfigurationReference = 2D6F32919603B21CAAE11FB9 /* Pods-nimbleTests.debug.xcconfig */;
			buildSettings = {
				ALWAYS_EMBED_SWIFT_STANDARD_LIBRARIES = YES;
				BUNDLE_LOADER = "$(TEST_HOST)";
				CODE_SIGN_STYLE = Automatic;
				DEVELOPMENT_TEAM = QPW4XRTF2N;
				INFOPLIST_FILE = nimbleTests/Info.plist;
				IPHONEOS_DEPLOYMENT_TARGET = 14.0;
				LD_RUNPATH_SEARCH_PATHS = (
					"$(inherited)",
					"@executable_path/Frameworks",
					"@loader_path/Frameworks",
				);
				PRODUCT_BUNDLE_IDENTIFIER = info.bigears.nimbleTests;
				PRODUCT_NAME = "$(TARGET_NAME)";
				SWIFT_VERSION = 5.0;
				TARGETED_DEVICE_FAMILY = "1,2";
				TEST_HOST = "$(BUILT_PRODUCTS_DIR)/nimble.app/nimble";
			};
			name = Debug;
		};
		BCB221E92540155D002D997F /* Release */ = {
			isa = XCBuildConfiguration;
			baseConfigurationReference = 040AF207111A3639095A1B0F /* Pods-nimbleTests.release.xcconfig */;
			buildSettings = {
				ALWAYS_EMBED_SWIFT_STANDARD_LIBRARIES = YES;
				BUNDLE_LOADER = "$(TEST_HOST)";
				CODE_SIGN_STYLE = Automatic;
				DEVELOPMENT_TEAM = QPW4XRTF2N;
				INFOPLIST_FILE = nimbleTests/Info.plist;
				IPHONEOS_DEPLOYMENT_TARGET = 14.0;
				LD_RUNPATH_SEARCH_PATHS = (
					"$(inherited)",
					"@executable_path/Frameworks",
					"@loader_path/Frameworks",
				);
				PRODUCT_BUNDLE_IDENTIFIER = info.bigears.nimbleTests;
				PRODUCT_NAME = "$(TARGET_NAME)";
				SWIFT_VERSION = 5.0;
				TARGETED_DEVICE_FAMILY = "1,2";
				TEST_HOST = "$(BUILT_PRODUCTS_DIR)/nimble.app/nimble";
			};
			name = Release;
		};
		BCB221EB2540155D002D997F /* Debug */ = {
			isa = XCBuildConfiguration;
			baseConfigurationReference = 1180DC4DB834DC28ABF3AD05 /* Pods-nimble-nimbleUITests.debug.xcconfig */;
			buildSettings = {
				ALWAYS_EMBED_SWIFT_STANDARD_LIBRARIES = YES;
				CODE_SIGN_STYLE = Automatic;
				DEVELOPMENT_TEAM = QPW4XRTF2N;
				INFOPLIST_FILE = nimbleUITests/Info.plist;
				LD_RUNPATH_SEARCH_PATHS = (
					"$(inherited)",
					"@executable_path/Frameworks",
					"@loader_path/Frameworks",
				);
				PRODUCT_BUNDLE_IDENTIFIER = info.bigears.nimbleUITests;
				PRODUCT_NAME = "$(TARGET_NAME)";
				SWIFT_VERSION = 5.0;
				TARGETED_DEVICE_FAMILY = "1,2";
				TEST_TARGET_NAME = nimble;
			};
			name = Debug;
		};
		BCB221EC2540155D002D997F /* Release */ = {
			isa = XCBuildConfiguration;
			baseConfigurationReference = 08B71EF773B65E1E0128A6FE /* Pods-nimble-nimbleUITests.release.xcconfig */;
			buildSettings = {
				ALWAYS_EMBED_SWIFT_STANDARD_LIBRARIES = YES;
				CODE_SIGN_STYLE = Automatic;
				DEVELOPMENT_TEAM = QPW4XRTF2N;
				INFOPLIST_FILE = nimbleUITests/Info.plist;
				LD_RUNPATH_SEARCH_PATHS = (
					"$(inherited)",
					"@executable_path/Frameworks",
					"@loader_path/Frameworks",
				);
				PRODUCT_BUNDLE_IDENTIFIER = info.bigears.nimbleUITests;
				PRODUCT_NAME = "$(TARGET_NAME)";
				SWIFT_VERSION = 5.0;
				TARGETED_DEVICE_FAMILY = "1,2";
				TEST_TARGET_NAME = nimble;
			};
			name = Release;
		};
/* End XCBuildConfiguration section */

/* Begin XCConfigurationList section */
		BCB221B52540155C002D997F /* Build configuration list for PBXProject "nimble" */ = {
			isa = XCConfigurationList;
			buildConfigurations = (
				BCB221E22540155D002D997F /* Debug */,
				BCB221E32540155D002D997F /* Release */,
			);
			defaultConfigurationIsVisible = 0;
			defaultConfigurationName = Release;
		};
		BCB221E42540155D002D997F /* Build configuration list for PBXNativeTarget "nimble" */ = {
			isa = XCConfigurationList;
			buildConfigurations = (
				BCB221E52540155D002D997F /* Debug */,
				BCB221E62540155D002D997F /* Release */,
			);
			defaultConfigurationIsVisible = 0;
			defaultConfigurationName = Release;
		};
		BCB221E72540155D002D997F /* Build configuration list for PBXNativeTarget "nimbleTests" */ = {
			isa = XCConfigurationList;
			buildConfigurations = (
				BCB221E82540155D002D997F /* Debug */,
				BCB221E92540155D002D997F /* Release */,
			);
			defaultConfigurationIsVisible = 0;
			defaultConfigurationName = Release;
		};
		BCB221EA2540155D002D997F /* Build configuration list for PBXNativeTarget "nimbleUITests" */ = {
			isa = XCConfigurationList;
			buildConfigurations = (
				BCB221EB2540155D002D997F /* Debug */,
				BCB221EC2540155D002D997F /* Release */,
			);
			defaultConfigurationIsVisible = 0;
			defaultConfigurationName = Release;
		};
/* End XCConfigurationList section */

/* Begin XCRemoteSwiftPackageReference section */
		BCEA075C2544151E0006E4C3 /* XCRemoteSwiftPackageReference "RxAlamofire" */ = {
			isa = XCRemoteSwiftPackageReference;
			repositoryURL = "https://github.com/RxSwiftCommunity/RxAlamofire.git";
			requirement = {
				kind = upToNextMajorVersion;
				minimumVersion = 5.6.2;
			};
		};
/* End XCRemoteSwiftPackageReference section */

/* Begin XCSwiftPackageProductDependency section */
		BCEA075D2544151E0006E4C3 /* RxAlamofire */ = {
			isa = XCSwiftPackageProductDependency;
			package = BCEA075C2544151E0006E4C3 /* XCRemoteSwiftPackageReference "RxAlamofire" */;
			productName = RxAlamofire;
		};
/* End XCSwiftPackageProductDependency section */
	};
	rootObject = BCB221B22540155C002D997F /* Project object */;
}
